{
  "name": "app-backend",
  "version": "1.0.0",
  "lockfileVersion": 3,
  "requires": true,
  "packages": {
    "": {
      "name": "app-backend",
      "version": "1.0.0",
      "license": "ISC",
      "peerDependencies": {
        "appnest-sdk-utils": "file:/Users/aravinthanp/Desktop/Appnest/Coding Worspace/sparrow-sdk/SDK-V2-CodeBase/sdk-layer/appnest-sdk-utils"
      }
    },
    "../../Coding Worspace/sparrow-sdk/SDK-V2-CodeBase/sdk-layer/appnest-sdk-utils": {
      "version": "1.0.0",
      "peer": true,
      "dependencies": {
        "appnest-sdk-common": "file:/Users/aravinthanp/Desktop/Appnest/Coding Worspace/sparrow-sdk/SDK-V2-CodeBase/sdk-layer/appnest-sdk-common",
        "axios": "^1.2.1",
        "cron-validate": "^1.5.3"
      }
    },
    "node_modules/appnest-sdk-utils": {
      "resolved": "../../Coding Worspace/sparrow-sdk/SDK-V2-CodeBase/sdk-layer/appnest-sdk-utils",
      "link": true
    }
  }
}
